
Microsoft Visual Studio Solution File, Format Version 12.00
# Visual Studio Version 16
VisualStudioVersion = 16.0.30128.74
MinimumVisualStudioVersion = 10.0.40219.1
Project("{FAE04EC0-301F-11D3-BF4B-00C04F79EFBC}") = "Trace.Domains", "Trace.Domain\Trace.Domains.csproj", "{6725DE69-FBF0-466F-93CD-C4C511BBF37F}"
EndProject
Project("{FAE04EC0-301F-11D3-BF4B-00C04F79EFBC}") = "Trace.Data", "Trace.Data\Trace.Data.csproj", "{A0AAE6F8-B997-45C5-9576-4FE3750EC9EE}"
EndProject
Project("{FAE04EC0-301F-11D3-BF4B-00C04F79EFBC}") = "Trace.Monitoring", "Trace.Monitoring\Trace.Monitoring.csproj", "{7B0B0E08-0EC8-471A-8154-3F0F868AE346}"
EndProject
Project("{FAE04EC0-301F-11D3-BF4B-00C04F79EFBC}") = "Trace.UI", "Trace.UI\Trace.UI.csproj", "{EDF0003F-2F5D-461A-AC05-55240B85FB04}"
EndProject
Project("{FAE04EC0-301F-11D3-BF4B-00C04F79EFBC}") = "Trace.OpcHandlerMachine01", "Trace.OpcHandler\Trace.OpcHandlerMachine01.csproj", "{CCDFD241-3B45-4ED8-B701-50AD91B80435}"
EndProject
Project("{FAE04EC0-301F-11D3-BF4B-00C04F79EFBC}") = "Trace.OpcHandlerMachine05", "Trace.OpcHandlerMachine05\Trace.OpcHandlerMachine05.csproj", "{53CE067D-D5E0-4939-B212-E7A2D9D3F1FE}"
EndProject
Project("{FAE04EC0-301F-11D3-BF4B-00C04F79EFBC}") = "Trace.OpcHandlerMachine06", "Trace.OpcHandlerMachine06\Trace.OpcHandlerMachine06.csproj", "{5BDCA2FF-8754-4AED-8C27-E333732EB568}"
EndProject
Project("{FAE04EC0-301F-11D3-BF4B-00C04F79EFBC}") = "Trace.OpcHandlerMachine07", "Trace.OpcHandlerMachine07\Trace.OpcHandlerMachine07.csproj", "{BEF553C4-7611-4981-8F3F-28E48E840F47}"
EndProject
Project("{FAE04EC0-301F-11D3-BF4B-00C04F79EFBC}") = "Trace.OpcHandlerMachine02", "Trace.OpcHandlerMachine02\Trace.OpcHandlerMachine02.csproj", "{8EFA5ACE-FB3D-43F7-B0CF-5A3C50B0B57E}"
EndProject
Project("{FAE04EC0-301F-11D3-BF4B-00C04F79EFBC}") = "Trace.OpcHandlerMachine03", "Trace.OpcHandlerMachine03\Trace.OpcHandlerMachine03.csproj", "{474F6474-A633-44E9-ABFF-500AC61AE899}"
EndProject
Project("{FAE04EC0-301F-11D3-BF4B-00C04F79EFBC}") = "Trace.OpcHandlerMachine04", "Trace.OpcHandlerMachine04\Trace.OpcHandlerMachine04.csproj", "{BAB490A9-9D78-4F35-89A6-D4F79C1C5C32}"
EndProject
Project("{2150E333-8FDC-42A3-9474-1A3956D46DE8}") = "Setup", "Setup", "{959C541B-1385-4B2E-ABCA-070E8A6B390B}"
EndProject
Project("{54435603-DBB4-11D2-8724-00A0C9A8B90C}") = "DataMonitoring", "Setup\DataMonitoring\DataMonitoring.vdproj", "{3516BAA8-7F63-4668-8DA3-4B3B416B80BA}"
EndProject
Project("{54435603-DBB4-11D2-8724-00A0C9A8B90C}") = "Machine1Control_Setup", "Setup\Machine1Control_Setup\Machine1Control_Setup.vdproj", "{BED08EE5-A6B3-4699-BEC0-A74A051866B4}"
EndProject
Global
	GlobalSection(SolutionConfigurationPlatforms) = preSolution
		Debug|Any CPU = Debug|Any CPU
		Release|Any CPU = Release|Any CPU
	EndGlobalSection
	GlobalSection(ProjectConfigurationPlatforms) = postSolution
		{6725DE69-FBF0-466F-93CD-C4C511BBF37F}.Debug|Any CPU.ActiveCfg = Debug|Any CPU
		{6725DE69-FBF0-466F-93CD-C4C511BBF37F}.Debug|Any CPU.Build.0 = Debug|Any CPU
		{6725DE69-FBF0-466F-93CD-C4C511BBF37F}.Release|Any CPU.ActiveCfg = Release|Any CPU
		{6725DE69-FBF0-466F-93CD-C4C511BBF37F}.Release|Any CPU.Build.0 = Release|Any CPU
		{A0AAE6F8-B997-45C5-9576-4FE3750EC9EE}.Debug|Any CPU.ActiveCfg = Debug|Any CPU
		{A0AAE6F8-B997-45C5-9576-4FE3750EC9EE}.Debug|Any CPU.Build.0 = Debug|Any CPU
		{A0AAE6F8-B997-45C5-9576-4FE3750EC9EE}.Release|Any CPU.ActiveCfg = Release|Any CPU
		{A0AAE6F8-B997-45C5-9576-4FE3750EC9EE}.Release|Any CPU.Build.0 = Release|Any CPU
		{7B0B0E08-0EC8-471A-8154-3F0F868AE346}.Debug|Any CPU.ActiveCfg = Debug|Any CPU
		{7B0B0E08-0EC8-471A-8154-3F0F868AE346}.Debug|Any CPU.Build.0 = Debug|Any CPU
		{7B0B0E08-0EC8-471A-8154-3F0F868AE346}.Release|Any CPU.ActiveCfg = Release|Any CPU
		{7B0B0E08-0EC8-471A-8154-3F0F868AE346}.Release|Any CPU.Build.0 = Release|Any CPU
		{EDF0003F-2F5D-461A-AC05-55240B85FB04}.Debug|Any CPU.ActiveCfg = Debug|Any CPU
		{EDF0003F-2F5D-461A-AC05-55240B85FB04}.Debug|Any CPU.Build.0 = Debug|Any CPU
		{EDF0003F-2F5D-461A-AC05-55240B85FB04}.Release|Any CPU.ActiveCfg = Release|Any CPU
		{EDF0003F-2F5D-461A-AC05-55240B85FB04}.Release|Any CPU.Build.0 = Release|Any CPU
		{CCDFD241-3B45-4ED8-B701-50AD91B80435}.Debug|Any CPU.ActiveCfg = Debug|Any CPU
		{CCDFD241-3B45-4ED8-B701-50AD91B80435}.Debug|Any CPU.Build.0 = Debug|Any CPU
		{CCDFD241-3B45-4ED8-B701-50AD91B80435}.Release|Any CPU.ActiveCfg = Release|Any CPU
		{CCDFD241-3B45-4ED8-B701-50AD91B80435}.Release|Any CPU.Build.0 = Release|Any CPU
		{53CE067D-D5E0-4939-B212-E7A2D9D3F1FE}.Debug|Any CPU.ActiveCfg = Debug|Any CPU
		{53CE067D-D5E0-4939-B212-E7A2D9D3F1FE}.Debug|Any CPU.Build.0 = Debug|Any CPU
		{53CE067D-D5E0-4939-B212-E7A2D9D3F1FE}.Release|Any CPU.ActiveCfg = Release|Any CPU
		{53CE067D-D5E0-4939-B212-E7A2D9D3F1FE}.Release|Any CPU.Build.0 = Release|Any CPU
		{5BDCA2FF-8754-4AED-8C27-E333732EB568}.Debug|Any CPU.ActiveCfg = Debug|Any CPU
		{5BDCA2FF-8754-4AED-8C27-E333732EB568}.Debug|Any CPU.Build.0 = Debug|Any CPU
		{5BDCA2FF-8754-4AED-8C27-E333732EB568}.Release|Any CPU.ActiveCfg = Release|Any CPU
		{5BDCA2FF-8754-4AED-8C27-E333732EB568}.Release|Any CPU.Build.0 = Release|Any CPU
		{BEF553C4-7611-4981-8F3F-28E48E840F47}.Debug|Any CPU.ActiveCfg = Debug|Any CPU
		{BEF553C4-7611-4981-8F3F-28E48E840F47}.Debug|Any CPU.Build.0 = Debug|Any CPU
		{BEF553C4-7611-4981-8F3F-28E48E840F47}.Release|Any CPU.ActiveCfg = Release|Any CPU
		{BEF553C4-7611-4981-8F3F-28E48E840F47}.Release|Any CPU.Build.0 = Release|Any CPU
		{8EFA5ACE-FB3D-43F7-B0CF-5A3C50B0B57E}.Debug|Any CPU.ActiveCfg = Debug|Any CPU
		{8EFA5ACE-FB3D-43F7-B0CF-5A3C50B0B57E}.Debug|Any CPU.Build.0 = Debug|Any CPU
		{8EFA5ACE-FB3D-43F7-B0CF-5A3C50B0B57E}.Release|Any CPU.ActiveCfg = Release|Any CPU
		{8EFA5ACE-FB3D-43F7-B0CF-5A3C50B0B57E}.Release|Any CPU.Build.0 = Release|Any CPU
		{474F6474-A633-44E9-ABFF-500AC61AE899}.Debug|Any CPU.ActiveCfg = Debug|Any CPU
		{474F6474-A633-44E9-ABFF-500AC61AE899}.Debug|Any CPU.Build.0 = Debug|Any CPU
		{474F6474-A633-44E9-ABFF-500AC61AE899}.Release|Any CPU.ActiveCfg = Release|Any CPU
		{474F6474-A633-44E9-ABFF-500AC61AE899}.Release|Any CPU.Build.0 = Release|Any CPU
		{BAB490A9-9D78-4F35-89A6-D4F79C1C5C32}.Debug|Any CPU.ActiveCfg = Debug|Any CPU
		{BAB490A9-9D78-4F35-89A6-D4F79C1C5C32}.Debug|Any CPU.Build.0 = Debug|Any CPU
		{BAB490A9-9D78-4F35-89A6-D4F79C1C5C32}.Release|Any CPU.ActiveCfg = Release|Any CPU
		{BAB490A9-9D78-4F35-89A6-D4F79C1C5C32}.Release|Any CPU.Build.0 = Release|Any CPU
		{3516BAA8-7F63-4668-8DA3-4B3B416B80BA}.Debug|Any CPU.ActiveCfg = Debug
		{3516BAA8-7F63-4668-8DA3-4B3B416B80BA}.Release|Any CPU.ActiveCfg = Release
		{BED08EE5-A6B3-4699-BEC0-A74A051866B4}.Debug|Any CPU.ActiveCfg = Debug
		{BED08EE5-A6B3-4699-BEC0-A74A051866B4}.Release|Any CPU.ActiveCfg = Release
	EndGlobalSection
	GlobalSection(SolutionProperties) = preSolution
		HideSolutionNode = FALSE
	EndGlobalSection
	GlobalSection(NestedProjects) = preSolution
		{3516BAA8-7F63-4668-8DA3-4B3B416B80BA} = {959C541B-1385-4B2E-ABCA-070E8A6B390B}
		{BED08EE5-A6B3-4699-BEC0-A74A051866B4} = {959C541B-1385-4B2E-ABCA-070E8A6B390B}
	EndGlobalSection
	GlobalSection(ExtensibilityGlobals) = postSolution
		SolutionGuid = {8B243131-E660-4FC9-9A8D-800FA215E081}
	EndGlobalSection
EndGlobal
