
Microsoft Visual Studio Solution File, Format Version 12.00
# Visual Studio Version 16
VisualStudioVersion = 16.0.30128.74
MinimumVisualStudioVersion = 10.0.40219.1
Project("{FAE04EC0-301F-11D3-BF4B-00C04F79EFBC}") = "Trace.Domains", "Trace.Domain\Trace.Domains.csproj", "{6725DE69-FBF0-466F-93CD-C4C511BBF37F}"
EndProject
Project("{FAE04EC0-301F-11D3-BF4B-00C04F79EFBC}") = "Trace.Data", "Trace.Data\Trace.Data.csproj", "{A0AAE6F8-B997-45C5-9576-4FE3750EC9EE}"
EndProject
Project("{FAE04EC0-301F-11D3-BF4B-00C04F79EFBC}") = "Trace.Monitoring", "Trace.Monitoring\Trace.Monitoring.csproj", "{7B0B0E08-0EC8-471A-8154-3F0F868AE346}"
EndProject
Project("{FAE04EC0-301F-11D3-BF4B-00C04F79EFBC}") = "Trace.UI", "Trace.UI\Trace.UI.csproj", "{EDF0003F-2F5D-461A-AC05-55240B85FB04}"
EndProject
Global
	GlobalSection(SolutionConfigurationPlatforms) = preSolution
		Debug|Any CPU = Debug|Any CPU
		Release|Any CPU = Release|Any CPU
	EndGlobalSection
	GlobalSection(ProjectConfigurationPlatforms) = postSolution
		{6725DE69-FBF0-466F-93CD-C4C511BBF37F}.Debug|Any CPU.ActiveCfg = Debug|Any CPU
		{6725DE69-FBF0-466F-93CD-C4C511BBF37F}.Debug|Any CPU.Build.0 = Debug|Any CPU
		{6725DE69-FBF0-466F-93CD-C4C511BBF37F}.Release|Any CPU.ActiveCfg = Release|Any CPU
		{6725DE69-FBF0-466F-93CD-C4C511BBF37F}.Release|Any CPU.Build.0 = Release|Any CPU
		{A0AAE6F8-B997-45C5-9576-4FE3750EC9EE}.Debug|Any CPU.ActiveCfg = Debug|Any CPU
		{A0AAE6F8-B997-45C5-9576-4FE3750EC9EE}.Debug|Any CPU.Build.0 = Debug|Any CPU
		{A0AAE6F8-B997-45C5-9576-4FE3750EC9EE}.Release|Any CPU.ActiveCfg = Release|Any CPU
		{A0AAE6F8-B997-45C5-9576-4FE3750EC9EE}.Release|Any CPU.Build.0 = Release|Any CPU
		{7B0B0E08-0EC8-471A-8154-3F0F868AE346}.Debug|Any CPU.ActiveCfg = Debug|Any CPU
		{7B0B0E08-0EC8-471A-8154-3F0F868AE346}.Debug|Any CPU.Build.0 = Debug|Any CPU
		{7B0B0E08-0EC8-471A-8154-3F0F868AE346}.Release|Any CPU.ActiveCfg = Release|Any CPU
		{7B0B0E08-0EC8-471A-8154-3F0F868AE346}.Release|Any CPU.Build.0 = Release|Any CPU
		{EDF0003F-2F5D-461A-AC05-55240B85FB04}.Debug|Any CPU.ActiveCfg = Debug|Any CPU
		{EDF0003F-2F5D-461A-AC05-55240B85FB04}.Debug|Any CPU.Build.0 = Debug|Any CPU
		{EDF0003F-2F5D-461A-AC05-55240B85FB04}.Release|Any CPU.ActiveCfg = Release|Any CPU
		{EDF0003F-2F5D-461A-AC05-55240B85FB04}.Release|Any CPU.Build.0 = Release|Any CPU
	EndGlobalSection
	GlobalSection(SolutionProperties) = preSolution
		HideSolutionNode = FALSE
	EndGlobalSection
	GlobalSection(ExtensibilityGlobals) = postSolution
		SolutionGuid = {8B243131-E660-4FC9-9A8D-800FA215E081}
	EndGlobalSection
EndGlobal
