
Microsoft Visual Studio Solution File, Format Version 12.00
# Visual Studio Version 16
VisualStudioVersion = 16.0.30128.74
MinimumVisualStudioVersion = 10.0.40219.1
Project("{FAE04EC0-301F-11D3-BF4B-00C04F79EFBC}") = "Trace.Domains", "Trace.Domain\Trace.Domains.csproj", "{6725DE69-FBF0-466F-93CD-C4C511BBF37F}"
EndProject
Project("{FAE04EC0-301F-11D3-BF4B-00C04F79EFBC}") = "Trace.OPCClient", "Trace.OPCClient\Trace.OPCClient.csproj", "{4FABF6CB-AE02-46BD-8C4A-BEC452AA46C3}"
EndProject
Global
	GlobalSection(SolutionConfigurationPlatforms) = preSolution
		Debug|Any CPU = Debug|Any CPU
		Release|Any CPU = Release|Any CPU
	EndGlobalSection
	GlobalSection(ProjectConfigurationPlatforms) = postSolution
		{6725DE69-FBF0-466F-93CD-C4C511BBF37F}.Debug|Any CPU.ActiveCfg = Debug|Any CPU
		{6725DE69-FBF0-466F-93CD-C4C511BBF37F}.Debug|Any CPU.Build.0 = Debug|Any CPU
		{6725DE69-FBF0-466F-93CD-C4C511BBF37F}.Release|Any CPU.ActiveCfg = Release|Any CPU
		{6725DE69-FBF0-466F-93CD-C4C511BBF37F}.Release|Any CPU.Build.0 = Release|Any CPU
		{4FABF6CB-AE02-46BD-8C4A-BEC452AA46C3}.Debug|Any CPU.ActiveCfg = Debug|Any CPU
		{4FABF6CB-AE02-46BD-8C4A-BEC452AA46C3}.Debug|Any CPU.Build.0 = Debug|Any CPU
		{4FABF6CB-AE02-46BD-8C4A-BEC452AA46C3}.Release|Any CPU.ActiveCfg = Release|Any CPU
		{4FABF6CB-AE02-46BD-8C4A-BEC452AA46C3}.Release|Any CPU.Build.0 = Release|Any CPU
	EndGlobalSection
	GlobalSection(SolutionProperties) = preSolution
		HideSolutionNode = FALSE
	EndGlobalSection
	GlobalSection(ExtensibilityGlobals) = postSolution
		SolutionGuid = {8B243131-E660-4FC9-9A8D-800FA215E081}
	EndGlobalSection
EndGlobal
